
Microsoft Visual Studio Solution File, Format Version 12.00
# Visual Studio Version 17
VisualStudioVersion = 17.8.34330.188
MinimumVisualStudioVersion = 10.0.40219.1
Project("{FAE04EC0-301F-11D3-BF4B-00C04F79EFBC}") = "WebApplication2", "WebApplication2\WebApplication2.csproj", "{779AB9F5-9039-48B5-B5D4-5F0F58C9DFE3}"
EndProject
Global
	GlobalSection(SolutionConfigurationPlatforms) = preSolution
		Debug|Any CPU = Debug|Any CPU
		Release|Any CPU = Release|Any CPU
	EndGlobalSection
	GlobalSection(ProjectConfigurationPlatforms) = postSolution
		{779AB9F5-9039-48B5-B5D4-5F0F58C9DFE3}.Debug|Any CPU.ActiveCfg = Debug|Any CPU
		{779AB9F5-9039-48B5-B5D4-5F0F58C9DFE3}.Debug|Any CPU.Build.0 = Debug|Any CPU
		{779AB9F5-9039-48B5-B5D4-5F0F58C9DFE3}.Release|Any CPU.ActiveCfg = Release|Any CPU
		{779AB9F5-9039-48B5-B5D4-5F0F58C9DFE3}.Release|Any CPU.Build.0 = Release|Any CPU
	EndGlobalSection
	GlobalSection(SolutionProperties) = preSolution
		HideSolutionNode = FALSE
	EndGlobalSection
	GlobalSection(ExtensibilityGlobals) = postSolution
		SolutionGuid = {2BCA6D73-D674-4609-BDF3-7C6C0237D8C4}
	EndGlobalSection
EndGlobal
